
Microsoft Visual Studio Solution File, Format Version 12.00
# Visual Studio Version 16
VisualStudioVersion = 16.0.30804.86
MinimumVisualStudioVersion = 10.0.40219.1
Project("{FAE04EC0-301F-11D3-BF4B-00C04F79EFBC}") = "SeleniumAutomationCSharpDemo", "SeleniumAutomationCSharpDemo\SeleniumAutomationCSharpDemo.csproj", "{3FD1AEBB-692F-43E3-8D1A-1091145D3D20}"
EndProject
Global
	GlobalSection(SolutionConfigurationPlatforms) = preSolution
		Debug|Any CPU = Debug|Any CPU
		Release|Any CPU = Release|Any CPU
	EndGlobalSection
	GlobalSection(ProjectConfigurationPlatforms) = postSolution
		{3FD1AEBB-692F-43E3-8D1A-1091145D3D20}.Debug|Any CPU.ActiveCfg = Debug|Any CPU
		{3FD1AEBB-692F-43E3-8D1A-1091145D3D20}.Debug|Any CPU.Build.0 = Debug|Any CPU
		{3FD1AEBB-692F-43E3-8D1A-1091145D3D20}.Release|Any CPU.ActiveCfg = Release|Any CPU
		{3FD1AEBB-692F-43E3-8D1A-1091145D3D20}.Release|Any CPU.Build.0 = Release|Any CPU
	EndGlobalSection
	GlobalSection(SolutionProperties) = preSolution
		HideSolutionNode = FALSE
	EndGlobalSection
	GlobalSection(ExtensibilityGlobals) = postSolution
		SolutionGuid = {9C83E8B2-AF7E-4B30-AF05-EC443D3120E8}
	EndGlobalSection
EndGlobal
